// !$*UTF8*$!
{
	archiveVersion = 1;
	classes = {
	};
	objectVersion = 55;
	objects = {

/* Begin PBXBuildFile section */
		EC6767D328C99EFF00C72B58 /* MudahChat.xcdatamodeld in Sources */ = {isa = PBXBuildFile; fileRef = EC6767A828C99EFB00C72B58 /* MudahChat.xcdatamodeld */; };
		EC6767D428C99EFF00C72B58 /* MudahChat.xcdatamodeld in Sources */ = {isa = PBXBuildFile; fileRef = EC6767A828C99EFB00C72B58 /* MudahChat.xcdatamodeld */; };
		EC6767D528C99EFF00C72B58 /* MudahChatApp.swift in Sources */ = {isa = PBXBuildFile; fileRef = EC6767AA28C99EFB00C72B58 /* MudahChatApp.swift */; };
		EC6767D628C99EFF00C72B58 /* MudahChatApp.swift in Sources */ = {isa = PBXBuildFile; fileRef = EC6767AA28C99EFB00C72B58 /* MudahChatApp.swift */; };
		EC6767D728C99EFF00C72B58 /* ChatRoomView.swift in Sources */ = {isa = PBXBuildFile; fileRef = EC6767AB28C99EFB00C72B58 /* ChatRoomView.swift */; };
		EC6767D828C99EFF00C72B58 /* ChatRoomView.swift in Sources */ = {isa = PBXBuildFile; fileRef = EC6767AB28C99EFB00C72B58 /* ChatRoomView.swift */; };
		EC6767D928C99EFF00C72B58 /* Persistence.swift in Sources */ = {isa = PBXBuildFile; fileRef = EC6767AC28C99EFB00C72B58 /* Persistence.swift */; };
		EC6767DA28C99EFF00C72B58 /* Persistence.swift in Sources */ = {isa = PBXBuildFile; fileRef = EC6767AC28C99EFB00C72B58 /* Persistence.swift */; };
		EC6767DB28C99EFF00C72B58 /* Color.xcassets in Resources */ = {isa = PBXBuildFile; fileRef = EC6767AD28C99EFF00C72B58 /* Color.xcassets */; };
		EC6767DC28C99EFF00C72B58 /* Color.xcassets in Resources */ = {isa = PBXBuildFile; fileRef = EC6767AD28C99EFF00C72B58 /* Color.xcassets */; };
		EC6767F028C9A04E00C72B58 /* Image.xcassets in Resources */ = {isa = PBXBuildFile; fileRef = EC6767EF28C9A04E00C72B58 /* Image.xcassets */; };
		EC6767F128C9A04E00C72B58 /* Image.xcassets in Resources */ = {isa = PBXBuildFile; fileRef = EC6767EF28C9A04E00C72B58 /* Image.xcassets */; };
		EC6767F628C9A0F600C72B58 /* Image+General.swift in Sources */ = {isa = PBXBuildFile; fileRef = EC6767F528C9A0F600C72B58 /* Image+General.swift */; };
		EC6767F728C9A0F600C72B58 /* Image+General.swift in Sources */ = {isa = PBXBuildFile; fileRef = EC6767F528C9A0F600C72B58 /* Image+General.swift */; };
		EC6767F928C9A10000C72B58 /* Color+General.swift in Sources */ = {isa = PBXBuildFile; fileRef = EC6767F828C9A10000C72B58 /* Color+General.swift */; };
		EC6767FA28C9A10000C72B58 /* Color+General.swift in Sources */ = {isa = PBXBuildFile; fileRef = EC6767F828C9A10000C72B58 /* Color+General.swift */; };
		EC67680028C9A38300C72B58 /* ChatRoomViewModel.swift in Sources */ = {isa = PBXBuildFile; fileRef = EC6767FF28C9A38300C72B58 /* ChatRoomViewModel.swift */; };
		EC67680128C9A38300C72B58 /* ChatRoomViewModel.swift in Sources */ = {isa = PBXBuildFile; fileRef = EC6767FF28C9A38300C72B58 /* ChatRoomViewModel.swift */; };
		EC67680428C9A55C00C72B58 /* ChatRoomHeader.swift in Sources */ = {isa = PBXBuildFile; fileRef = EC67680328C9A55C00C72B58 /* ChatRoomHeader.swift */; };
		EC67680528C9A55C00C72B58 /* ChatRoomHeader.swift in Sources */ = {isa = PBXBuildFile; fileRef = EC67680328C9A55C00C72B58 /* ChatRoomHeader.swift */; };
		EC67680A28C9AE0D00C72B58 /* Localizable.strings in Resources */ = {isa = PBXBuildFile; fileRef = EC67680D28C9AE0D00C72B58 /* Localizable.strings */; };
		EC67680B28C9AE0D00C72B58 /* Localizable.strings in Resources */ = {isa = PBXBuildFile; fileRef = EC67680D28C9AE0D00C72B58 /* Localizable.strings */; };
		EC67681028C9AE3E00C72B58 /* LocalizationText.swift in Sources */ = {isa = PBXBuildFile; fileRef = EC67680F28C9AE3E00C72B58 /* LocalizationText.swift */; };
		EC67681128C9AE3E00C72B58 /* LocalizationText.swift in Sources */ = {isa = PBXBuildFile; fileRef = EC67680F28C9AE3E00C72B58 /* LocalizationText.swift */; };
		EC67681328C9AF0900C72B58 /* ChatBubble.swift in Sources */ = {isa = PBXBuildFile; fileRef = EC67681228C9AF0900C72B58 /* ChatBubble.swift */; };
		EC67681428C9AF0900C72B58 /* ChatBubble.swift in Sources */ = {isa = PBXBuildFile; fileRef = EC67681228C9AF0900C72B58 /* ChatBubble.swift */; };
		EC7D490E28CA1D7D00C33208 /* MessageFieldView.swift in Sources */ = {isa = PBXBuildFile; fileRef = EC7D490D28CA1D7D00C33208 /* MessageFieldView.swift */; };
		EC7D491128CA232300C33208 /* MultilineTextField.swift in Sources */ = {isa = PBXBuildFile; fileRef = EC7D491028CA232300C33208 /* MultilineTextField.swift */; };
		EC7D491728CA359000C33208 /* CombineMoya in Frameworks */ = {isa = PBXBuildFile; productRef = EC7D491628CA359000C33208 /* CombineMoya */; };
		EC7D491928CA359000C33208 /* Moya in Frameworks */ = {isa = PBXBuildFile; productRef = EC7D491828CA359000C33208 /* Moya */; };
		EC7D491B28CA359000C33208 /* ReactiveMoya in Frameworks */ = {isa = PBXBuildFile; productRef = EC7D491A28CA359000C33208 /* ReactiveMoya */; };
		EC7D491D28CA359000C33208 /* RxMoya in Frameworks */ = {isa = PBXBuildFile; productRef = EC7D491C28CA359000C33208 /* RxMoya */; };
		EC7D492028CA3E0900C33208 /* Moya+defaultProvider.swift in Sources */ = {isa = PBXBuildFile; fileRef = EC7D491F28CA3E0900C33208 /* Moya+defaultProvider.swift */; };
		EC7D492228CA3EA200C33208 /* Moya+Request.swift in Sources */ = {isa = PBXBuildFile; fileRef = EC7D492128CA3EA200C33208 /* Moya+Request.swift */; };
		EC7D492428CA3FBB00C33208 /* ErrorResponse.swift in Sources */ = {isa = PBXBuildFile; fileRef = EC7D492328CA3FBB00C33208 /* ErrorResponse.swift */; };
		EC7D492828CA425C00C33208 /* MudahChatTargetType.swift in Sources */ = {isa = PBXBuildFile; fileRef = EC7D492728CA425C00C33208 /* MudahChatTargetType.swift */; };
		EC7D492D28CA46DB00C33208 /* ChatTargetType.swift in Sources */ = {isa = PBXBuildFile; fileRef = EC7D492C28CA46DB00C33208 /* ChatTargetType.swift */; };
		EC7D493028CA480A00C33208 /* Encodable+toJSON.swift in Sources */ = {isa = PBXBuildFile; fileRef = EC7D492F28CA480A00C33208 /* Encodable+toJSON.swift */; };
		EC7D493228CA495900C33208 /* ChatRemoteDataSource.swift in Sources */ = {isa = PBXBuildFile; fileRef = EC7D493128CA495900C33208 /* ChatRemoteDataSource.swift */; };
		EC7D493428CA49A000C33208 /* ChatDefaultRemoteDataSource.swift in Sources */ = {isa = PBXBuildFile; fileRef = EC7D493328CA49A000C33208 /* ChatDefaultRemoteDataSource.swift */; };
		EC7D493728CA4A6300C33208 /* ChatLocalDataSource.swift in Sources */ = {isa = PBXBuildFile; fileRef = EC7D493628CA4A6300C33208 /* ChatLocalDataSource.swift */; };
		EC7D493928CA4CE100C33208 /* ChatDefaultLocalDataSource.swift in Sources */ = {isa = PBXBuildFile; fileRef = EC7D493828CA4CE100C33208 /* ChatDefaultLocalDataSource.swift */; };
		EC7D493B28CA525900C33208 /* ChatRepository.swift in Sources */ = {isa = PBXBuildFile; fileRef = EC7D493A28CA525900C33208 /* ChatRepository.swift */; };
		EC7D493D28CA526B00C33208 /* ChatDefaultRepository.swift in Sources */ = {isa = PBXBuildFile; fileRef = EC7D493C28CA526B00C33208 /* ChatDefaultRepository.swift */; };
		EC7D494128CA5E9D00C33208 /* ChatRepositoryTests.swift in Sources */ = {isa = PBXBuildFile; fileRef = EC7D494028CA5E9D00C33208 /* ChatRepositoryTests.swift */; };
		EC7D494728CA5FFD00C33208 /* ChatStubRepository.swift in Sources */ = {isa = PBXBuildFile; fileRef = EC7D494528CA5FCE00C33208 /* ChatStubRepository.swift */; };
		ECFAF63428C9C3BB004327E9 /* Chat.swift in Sources */ = {isa = PBXBuildFile; fileRef = ECFAF63328C9C3BB004327E9 /* Chat.swift */; };
		ECFAF63628C9C46B004327E9 /* ChatType.swift in Sources */ = {isa = PBXBuildFile; fileRef = ECFAF63528C9C46B004327E9 /* ChatType.swift */; };
		ECFAF63928C9C598004327E9 /* Date+String.swift in Sources */ = {isa = PBXBuildFile; fileRef = ECFAF63828C9C598004327E9 /* Date+String.swift */; };
		ECFAF63B28C9C5BA004327E9 /* DateFormat.swift in Sources */ = {isa = PBXBuildFile; fileRef = ECFAF63A28C9C5BA004327E9 /* DateFormat.swift */; };
		ECFAF64128C9C5DA004327E9 /* OptionalInt+orZero.swift in Sources */ = {isa = PBXBuildFile; fileRef = ECFAF63D28C9C5DA004327E9 /* OptionalInt+orZero.swift */; };
		ECFAF64228C9C5DA004327E9 /* OptionalString+OrEmpty.swift in Sources */ = {isa = PBXBuildFile; fileRef = ECFAF63E28C9C5DA004327E9 /* OptionalString+OrEmpty.swift */; };
		ECFAF64328C9C5DA004327E9 /* OptionalDate+orCurrentDate.swift in Sources */ = {isa = PBXBuildFile; fileRef = ECFAF63F28C9C5DA004327E9 /* OptionalDate+orCurrentDate.swift */; };
		ECFAF64528C9C6D0004327E9 /* DateFormat.swift in Sources */ = {isa = PBXBuildFile; fileRef = ECFAF63A28C9C5BA004327E9 /* DateFormat.swift */; };
		ECFAF64628C9C6D0004327E9 /* ChatType.swift in Sources */ = {isa = PBXBuildFile; fileRef = ECFAF63528C9C46B004327E9 /* ChatType.swift */; };
		ECFAF64728C9C6D4004327E9 /* Chat.swift in Sources */ = {isa = PBXBuildFile; fileRef = ECFAF63328C9C3BB004327E9 /* Chat.swift */; };
		ECFAF64828C9C6DB004327E9 /* OptionalDate+orCurrentDate.swift in Sources */ = {isa = PBXBuildFile; fileRef = ECFAF63F28C9C5DA004327E9 /* OptionalDate+orCurrentDate.swift */; };
		ECFAF64928C9C6DB004327E9 /* OptionalInt+orZero.swift in Sources */ = {isa = PBXBuildFile; fileRef = ECFAF63D28C9C5DA004327E9 /* OptionalInt+orZero.swift */; };
		ECFAF64A28C9C6DB004327E9 /* Date+String.swift in Sources */ = {isa = PBXBuildFile; fileRef = ECFAF63828C9C598004327E9 /* Date+String.swift */; };
		ECFAF64B28C9C6DB004327E9 /* OptionalString+OrEmpty.swift in Sources */ = {isa = PBXBuildFile; fileRef = ECFAF63E28C9C5DA004327E9 /* OptionalString+OrEmpty.swift */; };
		ECFAF65128C9CEE5004327E9 /* ChatBubbleViewModel.swift in Sources */ = {isa = PBXBuildFile; fileRef = ECFAF65028C9CEE5004327E9 /* ChatBubbleViewModel.swift */; };
		ECFAF65228C9CF09004327E9 /* ChatBubbleViewModel.swift in Sources */ = {isa = PBXBuildFile; fileRef = ECFAF65028C9CEE5004327E9 /* ChatBubbleViewModel.swift */; };
		ECFAF66228C9D990004327E9 /* ChatBubbleViewModelTests.swift in Sources */ = {isa = PBXBuildFile; fileRef = ECFAF65328C9D1D6004327E9 /* ChatBubbleViewModelTests.swift */; };
		ECFAF66528C9F092004327E9 /* PreloadChat.json in Resources */ = {isa = PBXBuildFile; fileRef = ECFAF66428C9F092004327E9 /* PreloadChat.json */; };
		ECFAF66628C9F092004327E9 /* PreloadChat.json in Resources */ = {isa = PBXBuildFile; fileRef = ECFAF66428C9F092004327E9 /* PreloadChat.json */; };
		ECFAF66828C9FC92004327E9 /* ChatRoomViewModelTests.swift in Sources */ = {isa = PBXBuildFile; fileRef = ECFAF66728C9FC91004327E9 /* ChatRoomViewModelTests.swift */; };
/* End PBXBuildFile section */

/* Begin PBXContainerItemProxy section */
		ECFAF65D28C9D97A004327E9 /* PBXContainerItemProxy */ = {
			isa = PBXContainerItemProxy;
			containerPortal = EC6767A328C99EFB00C72B58 /* Project object */;
			proxyType = 1;
			remoteGlobalIDString = EC6767B128C99EFF00C72B58;
			remoteInfo = "MudahChat (iOS)";
		};
/* End PBXContainerItemProxy section */

/* Begin PBXFileReference section */
		EC6767A928C99EFB00C72B58 /* Shared.xcdatamodel */ = {isa = PBXFileReference; lastKnownFileType = wrapper.xcdatamodel; path = Shared.xcdatamodel; sourceTree = "<group>"; };
		EC6767AA28C99EFB00C72B58 /* MudahChatApp.swift */ = {isa = PBXFileReference; lastKnownFileType = sourcecode.swift; path = MudahChatApp.swift; sourceTree = "<group>"; };
		EC6767AB28C99EFB00C72B58 /* ChatRoomView.swift */ = {isa = PBXFileReference; lastKnownFileType = sourcecode.swift; path = ChatRoomView.swift; sourceTree = "<group>"; };
		EC6767AC28C99EFB00C72B58 /* Persistence.swift */ = {isa = PBXFileReference; lastKnownFileType = sourcecode.swift; path = Persistence.swift; sourceTree = "<group>"; };
		EC6767AD28C99EFF00C72B58 /* Color.xcassets */ = {isa = PBXFileReference; lastKnownFileType = folder.assetcatalog; path = Color.xcassets; sourceTree = "<group>"; };
		EC6767B228C99EFF00C72B58 /* MudahChat.app */ = {isa = PBXFileReference; explicitFileType = wrapper.application; includeInIndex = 0; path = MudahChat.app; sourceTree = BUILT_PRODUCTS_DIR; };
		EC6767B828C99EFF00C72B58 /* MudahChat.app */ = {isa = PBXFileReference; explicitFileType = wrapper.application; includeInIndex = 0; path = MudahChat.app; sourceTree = BUILT_PRODUCTS_DIR; };
		EC6767BA28C99EFF00C72B58 /* macOS.entitlements */ = {isa = PBXFileReference; lastKnownFileType = text.plist.entitlements; path = macOS.entitlements; sourceTree = "<group>"; };
		EC6767EF28C9A04E00C72B58 /* Image.xcassets */ = {isa = PBXFileReference; lastKnownFileType = folder.assetcatalog; path = Image.xcassets; sourceTree = "<group>"; };
		EC6767F528C9A0F600C72B58 /* Image+General.swift */ = {isa = PBXFileReference; lastKnownFileType = sourcecode.swift; path = "Image+General.swift"; sourceTree = "<group>"; };
		EC6767F828C9A10000C72B58 /* Color+General.swift */ = {isa = PBXFileReference; lastKnownFileType = sourcecode.swift; path = "Color+General.swift"; sourceTree = "<group>"; };
		EC6767FF28C9A38300C72B58 /* ChatRoomViewModel.swift */ = {isa = PBXFileReference; lastKnownFileType = sourcecode.swift; path = ChatRoomViewModel.swift; sourceTree = "<group>"; };
		EC67680328C9A55C00C72B58 /* ChatRoomHeader.swift */ = {isa = PBXFileReference; lastKnownFileType = sourcecode.swift; path = ChatRoomHeader.swift; sourceTree = "<group>"; };
		EC67680C28C9AE0D00C72B58 /* en */ = {isa = PBXFileReference; lastKnownFileType = text.plist.strings; name = en; path = en.lproj/Localizable.strings; sourceTree = "<group>"; };
		EC67680F28C9AE3E00C72B58 /* LocalizationText.swift */ = {isa = PBXFileReference; lastKnownFileType = sourcecode.swift; path = LocalizationText.swift; sourceTree = "<group>"; };
		EC67681228C9AF0900C72B58 /* ChatBubble.swift */ = {isa = PBXFileReference; lastKnownFileType = sourcecode.swift; path = ChatBubble.swift; sourceTree = "<group>"; };
		EC7D490D28CA1D7D00C33208 /* MessageFieldView.swift */ = {isa = PBXFileReference; lastKnownFileType = sourcecode.swift; path = MessageFieldView.swift; sourceTree = "<group>"; };
		EC7D491028CA232300C33208 /* MultilineTextField.swift */ = {isa = PBXFileReference; lastKnownFileType = sourcecode.swift; path = MultilineTextField.swift; sourceTree = "<group>"; };
		EC7D491F28CA3E0900C33208 /* Moya+defaultProvider.swift */ = {isa = PBXFileReference; lastKnownFileType = sourcecode.swift; path = "Moya+defaultProvider.swift"; sourceTree = "<group>"; };
		EC7D492128CA3EA200C33208 /* Moya+Request.swift */ = {isa = PBXFileReference; lastKnownFileType = sourcecode.swift; path = "Moya+Request.swift"; sourceTree = "<group>"; };
		EC7D492328CA3FBB00C33208 /* ErrorResponse.swift */ = {isa = PBXFileReference; lastKnownFileType = sourcecode.swift; path = ErrorResponse.swift; sourceTree = "<group>"; };
		EC7D492728CA425C00C33208 /* MudahChatTargetType.swift */ = {isa = PBXFileReference; lastKnownFileType = sourcecode.swift; path = MudahChatTargetType.swift; sourceTree = "<group>"; };
		EC7D492C28CA46DB00C33208 /* ChatTargetType.swift */ = {isa = PBXFileReference; lastKnownFileType = sourcecode.swift; path = ChatTargetType.swift; sourceTree = "<group>"; };
		EC7D492F28CA480A00C33208 /* Encodable+toJSON.swift */ = {isa = PBXFileReference; lastKnownFileType = sourcecode.swift; path = "Encodable+toJSON.swift"; sourceTree = "<group>"; };
		EC7D493128CA495900C33208 /* ChatRemoteDataSource.swift */ = {isa = PBXFileReference; lastKnownFileType = sourcecode.swift; path = ChatRemoteDataSource.swift; sourceTree = "<group>"; };
		EC7D493328CA49A000C33208 /* ChatDefaultRemoteDataSource.swift */ = {isa = PBXFileReference; lastKnownFileType = sourcecode.swift; path = ChatDefaultRemoteDataSource.swift; sourceTree = "<group>"; };
		EC7D493628CA4A6300C33208 /* ChatLocalDataSource.swift */ = {isa = PBXFileReference; lastKnownFileType = sourcecode.swift; path = ChatLocalDataSource.swift; sourceTree = "<group>"; };
		EC7D493828CA4CE100C33208 /* ChatDefaultLocalDataSource.swift */ = {isa = PBXFileReference; lastKnownFileType = sourcecode.swift; path = ChatDefaultLocalDataSource.swift; sourceTree = "<group>"; };
		EC7D493A28CA525900C33208 /* ChatRepository.swift */ = {isa = PBXFileReference; lastKnownFileType = sourcecode.swift; path = ChatRepository.swift; sourceTree = "<group>"; };
		EC7D493C28CA526B00C33208 /* ChatDefaultRepository.swift */ = {isa = PBXFileReference; lastKnownFileType = sourcecode.swift; path = ChatDefaultRepository.swift; sourceTree = "<group>"; };
		EC7D494028CA5E9D00C33208 /* ChatRepositoryTests.swift */ = {isa = PBXFileReference; lastKnownFileType = sourcecode.swift; path = ChatRepositoryTests.swift; sourceTree = "<group>"; };
		EC7D494528CA5FCE00C33208 /* ChatStubRepository.swift */ = {isa = PBXFileReference; lastKnownFileType = sourcecode.swift; path = ChatStubRepository.swift; sourceTree = "<group>"; };
		ECFAF63328C9C3BB004327E9 /* Chat.swift */ = {isa = PBXFileReference; lastKnownFileType = sourcecode.swift; path = Chat.swift; sourceTree = "<group>"; };
		ECFAF63528C9C46B004327E9 /* ChatType.swift */ = {isa = PBXFileReference; lastKnownFileType = sourcecode.swift; path = ChatType.swift; sourceTree = "<group>"; };
		ECFAF63828C9C598004327E9 /* Date+String.swift */ = {isa = PBXFileReference; fileEncoding = 4; lastKnownFileType = sourcecode.swift; path = "Date+String.swift"; sourceTree = "<group>"; };
		ECFAF63A28C9C5BA004327E9 /* DateFormat.swift */ = {isa = PBXFileReference; fileEncoding = 4; lastKnownFileType = sourcecode.swift; path = DateFormat.swift; sourceTree = "<group>"; };
		ECFAF63D28C9C5DA004327E9 /* OptionalInt+orZero.swift */ = {isa = PBXFileReference; fileEncoding = 4; lastKnownFileType = sourcecode.swift; path = "OptionalInt+orZero.swift"; sourceTree = "<group>"; };
		ECFAF63E28C9C5DA004327E9 /* OptionalString+OrEmpty.swift */ = {isa = PBXFileReference; fileEncoding = 4; lastKnownFileType = sourcecode.swift; path = "OptionalString+OrEmpty.swift"; sourceTree = "<group>"; };
		ECFAF63F28C9C5DA004327E9 /* OptionalDate+orCurrentDate.swift */ = {isa = PBXFileReference; fileEncoding = 4; lastKnownFileType = sourcecode.swift; path = "OptionalDate+orCurrentDate.swift"; sourceTree = "<group>"; };
		ECFAF65028C9CEE5004327E9 /* ChatBubbleViewModel.swift */ = {isa = PBXFileReference; lastKnownFileType = sourcecode.swift; path = ChatBubbleViewModel.swift; sourceTree = "<group>"; };
		ECFAF65328C9D1D6004327E9 /* ChatBubbleViewModelTests.swift */ = {isa = PBXFileReference; lastKnownFileType = sourcecode.swift; path = ChatBubbleViewModelTests.swift; sourceTree = "<group>"; };
		ECFAF65928C9D97A004327E9 /* MudahChatTests.xctest */ = {isa = PBXFileReference; explicitFileType = wrapper.cfbundle; includeInIndex = 0; path = MudahChatTests.xctest; sourceTree = BUILT_PRODUCTS_DIR; };
		ECFAF66428C9F092004327E9 /* PreloadChat.json */ = {isa = PBXFileReference; lastKnownFileType = text.json; path = PreloadChat.json; sourceTree = "<group>"; xcLanguageSpecificationIdentifier = xcode.lang.swift; };
		ECFAF66728C9FC91004327E9 /* ChatRoomViewModelTests.swift */ = {isa = PBXFileReference; lastKnownFileType = sourcecode.swift; path = ChatRoomViewModelTests.swift; sourceTree = "<group>"; };
/* End PBXFileReference section */

/* Begin PBXFrameworksBuildPhase section */
		EC6767AF28C99EFF00C72B58 /* Frameworks */ = {
			isa = PBXFrameworksBuildPhase;
			buildActionMask = 2147483647;
			files = (
				EC7D491928CA359000C33208 /* Moya in Frameworks */,
				EC7D491728CA359000C33208 /* CombineMoya in Frameworks */,
				EC7D491D28CA359000C33208 /* RxMoya in Frameworks */,
				EC7D491B28CA359000C33208 /* ReactiveMoya in Frameworks */,
			);
			runOnlyForDeploymentPostprocessing = 0;
		};
		EC6767B528C99EFF00C72B58 /* Frameworks */ = {
			isa = PBXFrameworksBuildPhase;
			buildActionMask = 2147483647;
			files = (
			);
			runOnlyForDeploymentPostprocessing = 0;
		};
		ECFAF65628C9D97A004327E9 /* Frameworks */ = {
			isa = PBXFrameworksBuildPhase;
			buildActionMask = 2147483647;
			files = (
			);
			runOnlyForDeploymentPostprocessing = 0;
		};
/* End PBXFrameworksBuildPhase section */

/* Begin PBXGroup section */
		EC6767A228C99EFB00C72B58 = {
			isa = PBXGroup;
			children = (
				EC6767A728C99EFB00C72B58 /* Shared */,
				EC6767B928C99EFF00C72B58 /* macOS */,
				ECFAF65A28C9D97A004327E9 /* MudahChatTests */,
				EC6767B328C99EFF00C72B58 /* Products */,
			);
			sourceTree = "<group>";
		};
		EC6767A728C99EFB00C72B58 /* Shared */ = {
			isa = PBXGroup;
			children = (
				EC6767EB28C99FA200C72B58 /* Common */,
				EC6767FB28C9A35700C72B58 /* Feature */,
			);
			path = Shared;
			sourceTree = "<group>";
		};
		EC6767B328C99EFF00C72B58 /* Products */ = {
			isa = PBXGroup;
			children = (
				EC6767B228C99EFF00C72B58 /* MudahChat.app */,
				EC6767B828C99EFF00C72B58 /* MudahChat.app */,
				ECFAF65928C9D97A004327E9 /* MudahChatTests.xctest */,
			);
			name = Products;
			sourceTree = "<group>";
		};
		EC6767B928C99EFF00C72B58 /* macOS */ = {
			isa = PBXGroup;
			children = (
				EC6767BA28C99EFF00C72B58 /* macOS.entitlements */,
			);
			path = macOS;
			sourceTree = "<group>";
		};
		EC6767EB28C99FA200C72B58 /* Common */ = {
			isa = PBXGroup;
			children = (
				EC7D492528CA423C00C33208 /* Data */,
				ECFAF63228C9C3B0004327E9 /* Model */,
				EC67680E28C9AE2D00C72B58 /* Enum */,
				EC67680628C9ADF100C72B58 /* Localization */,
				EC67680228C9A54800C72B58 /* Component */,
				EC6767F228C9A0CD00C72B58 /* Extension */,
				EC6767EE28C9A02000C72B58 /* Resource */,
				EC6767ED28C99FB600C72B58 /* Persistence */,
				EC6767EC28C99FAA00C72B58 /* Base */,
			);
			path = Common;
			sourceTree = "<group>";
		};
		EC6767EC28C99FAA00C72B58 /* Base */ = {
			isa = PBXGroup;
			children = (
				EC6767AA28C99EFB00C72B58 /* MudahChatApp.swift */,
			);
			path = Base;
			sourceTree = "<group>";
		};
		EC6767ED28C99FB600C72B58 /* Persistence */ = {
			isa = PBXGroup;
			children = (
				EC6767AC28C99EFB00C72B58 /* Persistence.swift */,
				EC6767A828C99EFB00C72B58 /* MudahChat.xcdatamodeld */,
			);
			path = Persistence;
			sourceTree = "<group>";
		};
		EC6767EE28C9A02000C72B58 /* Resource */ = {
			isa = PBXGroup;
			children = (
				EC6767AD28C99EFF00C72B58 /* Color.xcassets */,
				EC6767EF28C9A04E00C72B58 /* Image.xcassets */,
				ECFAF66428C9F092004327E9 /* PreloadChat.json */,
			);
			path = Resource;
			sourceTree = "<group>";
		};
		EC6767F228C9A0CD00C72B58 /* Extension */ = {
			isa = PBXGroup;
			children = (
				EC7D492E28CA47FB00C33208 /* Encodable */,
				EC7D491E28CA3DCC00C33208 /* Moya */,
				ECFAF64428C9C609004327E9 /* Date */,
				ECFAF63728C9C563004327E9 /* Optional */,
				EC6767F428C9A0E100C72B58 /* Image */,
				EC6767F328C9A0D500C72B58 /* Color */,
			);
			path = Extension;
			sourceTree = "<group>";
		};
		EC6767F328C9A0D500C72B58 /* Color */ = {
			isa = PBXGroup;
			children = (
				EC6767F828C9A10000C72B58 /* Color+General.swift */,
			);
			path = Color;
			sourceTree = "<group>";
		};
		EC6767F428C9A0E100C72B58 /* Image */ = {
			isa = PBXGroup;
			children = (
				EC6767F528C9A0F600C72B58 /* Image+General.swift */,
			);
			path = Image;
			sourceTree = "<group>";
		};
		EC6767FB28C9A35700C72B58 /* Feature */ = {
			isa = PBXGroup;
			children = (
				EC6767FC28C9A35D00C72B58 /* ChatRoom */,
			);
			path = Feature;
			sourceTree = "<group>";
		};
		EC6767FC28C9A35D00C72B58 /* ChatRoom */ = {
			isa = PBXGroup;
			children = (
				EC6767FE28C9A36A00C72B58 /* ViewModel */,
				EC6767FD28C9A36500C72B58 /* View */,
			);
			path = ChatRoom;
			sourceTree = "<group>";
		};
		EC6767FD28C9A36500C72B58 /* View */ = {
			isa = PBXGroup;
			children = (
				EC6767AB28C99EFB00C72B58 /* ChatRoomView.swift */,
			);
			path = View;
			sourceTree = "<group>";
		};
		EC6767FE28C9A36A00C72B58 /* ViewModel */ = {
			isa = PBXGroup;
			children = (
				EC6767FF28C9A38300C72B58 /* ChatRoomViewModel.swift */,
			);
			path = ViewModel;
			sourceTree = "<group>";
		};
		EC67680228C9A54800C72B58 /* Component */ = {
			isa = PBXGroup;
			children = (
				EC7D490F28CA22ED00C33208 /* MultilineTextField */,
				ECFAF66928CA1D03004327E9 /* MessageField */,
				ECFAF66328C9EB15004327E9 /* ChatRoomHeader */,
				ECFAF64D28C9CEB5004327E9 /* ChatBubble */,
			);
			path = Component;
			sourceTree = "<group>";
		};
		EC67680628C9ADF100C72B58 /* Localization */ = {
			isa = PBXGroup;
			children = (
				EC67680D28C9AE0D00C72B58 /* Localizable.strings */,
			);
			path = Localization;
			sourceTree = "<group>";
		};
		EC67680E28C9AE2D00C72B58 /* Enum */ = {
			isa = PBXGroup;
			children = (
				ECFAF63A28C9C5BA004327E9 /* DateFormat.swift */,
				EC67680F28C9AE3E00C72B58 /* LocalizationText.swift */,
				ECFAF63528C9C46B004327E9 /* ChatType.swift */,
			);
			path = Enum;
			sourceTree = "<group>";
		};
		EC7D490F28CA22ED00C33208 /* MultilineTextField */ = {
			isa = PBXGroup;
			children = (
				EC7D491028CA232300C33208 /* MultilineTextField.swift */,
			);
			path = MultilineTextField;
			sourceTree = "<group>";
		};
		EC7D491E28CA3DCC00C33208 /* Moya */ = {
			isa = PBXGroup;
			children = (
				EC7D491F28CA3E0900C33208 /* Moya+defaultProvider.swift */,
				EC7D492128CA3EA200C33208 /* Moya+Request.swift */,
			);
			path = Moya;
			sourceTree = "<group>";
		};
		EC7D492528CA423C00C33208 /* Data */ = {
			isa = PBXGroup;
			children = (
				EC7D492928CA46BE00C33208 /* Chat */,
				EC7D492628CA424100C33208 /* ReusableTarget */,
			);
			path = Data;
			sourceTree = "<group>";
		};
		EC7D492628CA424100C33208 /* ReusableTarget */ = {
			isa = PBXGroup;
			children = (
				EC7D492728CA425C00C33208 /* MudahChatTargetType.swift */,
			);
			path = ReusableTarget;
			sourceTree = "<group>";
		};
		EC7D492928CA46BE00C33208 /* Chat */ = {
			isa = PBXGroup;
			children = (
				EC7D494828CA692B00C33208 /* Stub */,
				EC7D493528CA4A4F00C33208 /* Local */,
				EC7D492A28CA46C500C33208 /* Remote */,
				EC7D493A28CA525900C33208 /* ChatRepository.swift */,
				EC7D493C28CA526B00C33208 /* ChatDefaultRepository.swift */,
			);
			path = Chat;
			sourceTree = "<group>";
		};
		EC7D492A28CA46C500C33208 /* Remote */ = {
			isa = PBXGroup;
			children = (
				EC7D492B28CA46CC00C33208 /* TargetType */,
				EC7D493128CA495900C33208 /* ChatRemoteDataSource.swift */,
				EC7D493328CA49A000C33208 /* ChatDefaultRemoteDataSource.swift */,
			);
			path = Remote;
			sourceTree = "<group>";
		};
		EC7D492B28CA46CC00C33208 /* TargetType */ = {
			isa = PBXGroup;
			children = (
				EC7D492C28CA46DB00C33208 /* ChatTargetType.swift */,
			);
			path = TargetType;
			sourceTree = "<group>";
		};
		EC7D492E28CA47FB00C33208 /* Encodable */ = {
			isa = PBXGroup;
			children = (
				EC7D492F28CA480A00C33208 /* Encodable+toJSON.swift */,
			);
			path = Encodable;
			sourceTree = "<group>";
		};
		EC7D493528CA4A4F00C33208 /* Local */ = {
			isa = PBXGroup;
			children = (
				EC7D493628CA4A6300C33208 /* ChatLocalDataSource.swift */,
				EC7D493828CA4CE100C33208 /* ChatDefaultLocalDataSource.swift */,
			);
			path = Local;
			sourceTree = "<group>";
		};
		EC7D493E28CA5E7300C33208 /* ViewModelTests */ = {
			isa = PBXGroup;
			children = (
				ECFAF65328C9D1D6004327E9 /* ChatBubbleViewModelTests.swift */,
				ECFAF66728C9FC91004327E9 /* ChatRoomViewModelTests.swift */,
			);
			path = ViewModelTests;
			sourceTree = "<group>";
		};
		EC7D493F28CA5E8200C33208 /* RepositoryTests */ = {
			isa = PBXGroup;
			children = (
				EC7D494028CA5E9D00C33208 /* ChatRepositoryTests.swift */,
			);
			path = RepositoryTests;
			sourceTree = "<group>";
		};
		EC7D494828CA692B00C33208 /* Stub */ = {
			isa = PBXGroup;
			children = (
				EC7D494528CA5FCE00C33208 /* ChatStubRepository.swift */,
			);
			path = Stub;
			sourceTree = "<group>";
		};
		ECFAF63228C9C3B0004327E9 /* Model */ = {
			isa = PBXGroup;
			children = (
				ECFAF63328C9C3BB004327E9 /* Chat.swift */,
				EC7D492328CA3FBB00C33208 /* ErrorResponse.swift */,
			);
			path = Model;
			sourceTree = "<group>";
		};
		ECFAF63728C9C563004327E9 /* Optional */ = {
			isa = PBXGroup;
			children = (
				ECFAF63F28C9C5DA004327E9 /* OptionalDate+orCurrentDate.swift */,
				ECFAF63D28C9C5DA004327E9 /* OptionalInt+orZero.swift */,
				ECFAF63E28C9C5DA004327E9 /* OptionalString+OrEmpty.swift */,
			);
			path = Optional;
			sourceTree = "<group>";
		};
		ECFAF64428C9C609004327E9 /* Date */ = {
			isa = PBXGroup;
			children = (
				ECFAF63828C9C598004327E9 /* Date+String.swift */,
			);
			path = Date;
			sourceTree = "<group>";
		};
		ECFAF64D28C9CEB5004327E9 /* ChatBubble */ = {
			isa = PBXGroup;
			children = (
				ECFAF64F28C9CECE004327E9 /* ViewModel */,
				ECFAF64E28C9CEC6004327E9 /* View */,
			);
			path = ChatBubble;
			sourceTree = "<group>";
		};
		ECFAF64E28C9CEC6004327E9 /* View */ = {
			isa = PBXGroup;
			children = (
				EC67681228C9AF0900C72B58 /* ChatBubble.swift */,
			);
			path = View;
			sourceTree = "<group>";
		};
		ECFAF64F28C9CECE004327E9 /* ViewModel */ = {
			isa = PBXGroup;
			children = (
				ECFAF65028C9CEE5004327E9 /* ChatBubbleViewModel.swift */,
			);
			path = ViewModel;
			sourceTree = "<group>";
		};
		ECFAF65A28C9D97A004327E9 /* MudahChatTests */ = {
			isa = PBXGroup;
			children = (
				EC7D493F28CA5E8200C33208 /* RepositoryTests */,
				EC7D493E28CA5E7300C33208 /* ViewModelTests */,
			);
			path = MudahChatTests;
			sourceTree = "<group>";
		};
		ECFAF66328C9EB15004327E9 /* ChatRoomHeader */ = {
			isa = PBXGroup;
			children = (
				ECFAF66B28CA1D17004327E9 /* View */,
			);
			path = ChatRoomHeader;
			sourceTree = "<group>";
		};
		ECFAF66928CA1D03004327E9 /* MessageField */ = {
			isa = PBXGroup;
			children = (
				ECFAF66A28CA1D0D004327E9 /* View */,
			);
			path = MessageField;
			sourceTree = "<group>";
		};
		ECFAF66A28CA1D0D004327E9 /* View */ = {
			isa = PBXGroup;
			children = (
				EC7D490D28CA1D7D00C33208 /* MessageFieldView.swift */,
			);
			path = View;
			sourceTree = "<group>";
		};
		ECFAF66B28CA1D17004327E9 /* View */ = {
			isa = PBXGroup;
			children = (
				EC67680328C9A55C00C72B58 /* ChatRoomHeader.swift */,
			);
			path = View;
			sourceTree = "<group>";
		};
/* End PBXGroup section */

/* Begin PBXNativeTarget section */
		EC6767B128C99EFF00C72B58 /* MudahChat (iOS) */ = {
			isa = PBXNativeTarget;
			buildConfigurationList = EC6767DF28C99EFF00C72B58 /* Build configuration list for PBXNativeTarget "MudahChat (iOS)" */;
			buildPhases = (
				EC6767AE28C99EFF00C72B58 /* Sources */,
				EC6767AF28C99EFF00C72B58 /* Frameworks */,
				EC6767B028C99EFF00C72B58 /* Resources */,
			);
			buildRules = (
			);
			dependencies = (
			);
			name = "MudahChat (iOS)";
			packageProductDependencies = (
				EC7D491628CA359000C33208 /* CombineMoya */,
				EC7D491828CA359000C33208 /* Moya */,
				EC7D491A28CA359000C33208 /* ReactiveMoya */,
				EC7D491C28CA359000C33208 /* RxMoya */,
			);
			productName = "MudahChat (iOS)";
			productReference = EC6767B228C99EFF00C72B58 /* MudahChat.app */;
			productType = "com.apple.product-type.application";
		};
		EC6767B728C99EFF00C72B58 /* MudahChat (macOS) */ = {
			isa = PBXNativeTarget;
			buildConfigurationList = EC6767E228C99EFF00C72B58 /* Build configuration list for PBXNativeTarget "MudahChat (macOS)" */;
			buildPhases = (
				EC6767B428C99EFF00C72B58 /* Sources */,
				EC6767B528C99EFF00C72B58 /* Frameworks */,
				EC6767B628C99EFF00C72B58 /* Resources */,
			);
			buildRules = (
			);
			dependencies = (
			);
			name = "MudahChat (macOS)";
			productName = "MudahChat (macOS)";
			productReference = EC6767B828C99EFF00C72B58 /* MudahChat.app */;
			productType = "com.apple.product-type.application";
		};
		ECFAF65828C9D97A004327E9 /* MudahChatTests */ = {
			isa = PBXNativeTarget;
			buildConfigurationList = ECFAF65F28C9D97A004327E9 /* Build configuration list for PBXNativeTarget "MudahChatTests" */;
			buildPhases = (
				ECFAF65528C9D97A004327E9 /* Sources */,
				ECFAF65628C9D97A004327E9 /* Frameworks */,
				ECFAF65728C9D97A004327E9 /* Resources */,
			);
			buildRules = (
			);
			dependencies = (
				ECFAF65E28C9D97A004327E9 /* PBXTargetDependency */,
			);
			name = MudahChatTests;
			productName = MudahChatTests;
			productReference = ECFAF65928C9D97A004327E9 /* MudahChatTests.xctest */;
			productType = "com.apple.product-type.bundle.unit-test";
		};
/* End PBXNativeTarget section */

/* Begin PBXProject section */
		EC6767A328C99EFB00C72B58 /* Project object */ = {
			isa = PBXProject;
			attributes = {
				BuildIndependentTargetsInParallel = 1;
				LastSwiftUpdateCheck = 1340;
				LastUpgradeCheck = 1340;
				TargetAttributes = {
					EC6767B128C99EFF00C72B58 = {
						CreatedOnToolsVersion = 13.4.1;
					};
					EC6767B728C99EFF00C72B58 = {
						CreatedOnToolsVersion = 13.4.1;
					};
					ECFAF65828C9D97A004327E9 = {
						CreatedOnToolsVersion = 13.4.1;
						TestTargetID = EC6767B128C99EFF00C72B58;
					};
				};
			};
			buildConfigurationList = EC6767A628C99EFB00C72B58 /* Build configuration list for PBXProject "MudahChat" */;
			compatibilityVersion = "Xcode 13.0";
			developmentRegion = en;
			hasScannedForEncodings = 0;
			knownRegions = (
				en,
				Base,
			);
			mainGroup = EC6767A228C99EFB00C72B58;
			packageReferences = (
				EC7D491528CA359000C33208 /* XCRemoteSwiftPackageReference "Moya" */,
			);
			productRefGroup = EC6767B328C99EFF00C72B58 /* Products */;
			projectDirPath = "";
			projectRoot = "";
			targets = (
				EC6767B128C99EFF00C72B58 /* MudahChat (iOS) */,
				EC6767B728C99EFF00C72B58 /* MudahChat (macOS) */,
				ECFAF65828C9D97A004327E9 /* MudahChatTests */,
			);
		};
/* End PBXProject section */

/* Begin PBXResourcesBuildPhase section */
		EC6767B028C99EFF00C72B58 /* Resources */ = {
			isa = PBXResourcesBuildPhase;
			buildActionMask = 2147483647;
			files = (
				EC6767DB28C99EFF00C72B58 /* Color.xcassets in Resources */,
				EC67680A28C9AE0D00C72B58 /* Localizable.strings in Resources */,
				ECFAF66528C9F092004327E9 /* PreloadChat.json in Resources */,
				EC6767F028C9A04E00C72B58 /* Image.xcassets in Resources */,
			);
			runOnlyForDeploymentPostprocessing = 0;
		};
		EC6767B628C99EFF00C72B58 /* Resources */ = {
			isa = PBXResourcesBuildPhase;
			buildActionMask = 2147483647;
			files = (
				EC6767DC28C99EFF00C72B58 /* Color.xcassets in Resources */,
				EC67680B28C9AE0D00C72B58 /* Localizable.strings in Resources */,
				ECFAF66628C9F092004327E9 /* PreloadChat.json in Resources */,
				EC6767F128C9A04E00C72B58 /* Image.xcassets in Resources */,
			);
			runOnlyForDeploymentPostprocessing = 0;
		};
		ECFAF65728C9D97A004327E9 /* Resources */ = {
			isa = PBXResourcesBuildPhase;
			buildActionMask = 2147483647;
			files = (
			);
			runOnlyForDeploymentPostprocessing = 0;
		};
/* End PBXResourcesBuildPhase section */

/* Begin PBXSourcesBuildPhase section */
		EC6767AE28C99EFF00C72B58 /* Sources */ = {
			isa = PBXSourcesBuildPhase;
			buildActionMask = 2147483647;
			files = (
				ECFAF64128C9C5DA004327E9 /* OptionalInt+orZero.swift in Sources */,
				ECFAF63928C9C598004327E9 /* Date+String.swift in Sources */,
				EC7D492228CA3EA200C33208 /* Moya+Request.swift in Sources */,
				EC6767D328C99EFF00C72B58 /* MudahChat.xcdatamodeld in Sources */,
				EC7D493728CA4A6300C33208 /* ChatLocalDataSource.swift in Sources */,
				EC7D493D28CA526B00C33208 /* ChatDefaultRepository.swift in Sources */,
				EC7D493228CA495900C33208 /* ChatRemoteDataSource.swift in Sources */,
				EC7D491128CA232300C33208 /* MultilineTextField.swift in Sources */,
				EC67681328C9AF0900C72B58 /* ChatBubble.swift in Sources */,
				EC6767D928C99EFF00C72B58 /* Persistence.swift in Sources */,
				EC6767D528C99EFF00C72B58 /* MudahChatApp.swift in Sources */,
				EC67681028C9AE3E00C72B58 /* LocalizationText.swift in Sources */,
				ECFAF63B28C9C5BA004327E9 /* DateFormat.swift in Sources */,
				EC6767F628C9A0F600C72B58 /* Image+General.swift in Sources */,
				ECFAF63428C9C3BB004327E9 /* Chat.swift in Sources */,
				ECFAF65128C9CEE5004327E9 /* ChatBubbleViewModel.swift in Sources */,
				EC7D493B28CA525900C33208 /* ChatRepository.swift in Sources */,
				EC7D493928CA4CE100C33208 /* ChatDefaultLocalDataSource.swift in Sources */,
				ECFAF64228C9C5DA004327E9 /* OptionalString+OrEmpty.swift in Sources */,
				EC7D493428CA49A000C33208 /* ChatDefaultRemoteDataSource.swift in Sources */,
				EC7D492428CA3FBB00C33208 /* ErrorResponse.swift in Sources */,
				EC7D490E28CA1D7D00C33208 /* MessageFieldView.swift in Sources */,
				EC6767F928C9A10000C72B58 /* Color+General.swift in Sources */,
				EC67680428C9A55C00C72B58 /* ChatRoomHeader.swift in Sources */,
				EC6767D728C99EFF00C72B58 /* ChatRoomView.swift in Sources */,
				EC67680028C9A38300C72B58 /* ChatRoomViewModel.swift in Sources */,
				ECFAF64328C9C5DA004327E9 /* OptionalDate+orCurrentDate.swift in Sources */,
				EC7D493028CA480A00C33208 /* Encodable+toJSON.swift in Sources */,
				EC7D492D28CA46DB00C33208 /* ChatTargetType.swift in Sources */,
				EC7D492028CA3E0900C33208 /* Moya+defaultProvider.swift in Sources */,
				EC7D494728CA5FFD00C33208 /* ChatStubRepository.swift in Sources */,
				ECFAF63628C9C46B004327E9 /* ChatType.swift in Sources */,
				EC7D492828CA425C00C33208 /* MudahChatTargetType.swift in Sources */,
			);
			runOnlyForDeploymentPostprocessing = 0;
		};
		EC6767B428C99EFF00C72B58 /* Sources */ = {
			isa = PBXSourcesBuildPhase;
			buildActionMask = 2147483647;
			files = (
				ECFAF64728C9C6D4004327E9 /* Chat.swift in Sources */,
				EC6767D428C99EFF00C72B58 /* MudahChat.xcdatamodeld in Sources */,
				ECFAF64B28C9C6DB004327E9 /* OptionalString+OrEmpty.swift in Sources */,
				EC67681428C9AF0900C72B58 /* ChatBubble.swift in Sources */,
				EC6767DA28C99EFF00C72B58 /* Persistence.swift in Sources */,
				EC6767D628C99EFF00C72B58 /* MudahChatApp.swift in Sources */,
				EC67681128C9AE3E00C72B58 /* LocalizationText.swift in Sources */,
				ECFAF64928C9C6DB004327E9 /* OptionalInt+orZero.swift in Sources */,
				ECFAF64828C9C6DB004327E9 /* OptionalDate+orCurrentDate.swift in Sources */,
				ECFAF65228C9CF09004327E9 /* ChatBubbleViewModel.swift in Sources */,
				EC6767F728C9A0F600C72B58 /* Image+General.swift in Sources */,
				EC6767FA28C9A10000C72B58 /* Color+General.swift in Sources */,
				EC67680528C9A55C00C72B58 /* ChatRoomHeader.swift in Sources */,
				EC6767D828C99EFF00C72B58 /* ChatRoomView.swift in Sources */,
				ECFAF64A28C9C6DB004327E9 /* Date+String.swift in Sources */,
				ECFAF64528C9C6D0004327E9 /* DateFormat.swift in Sources */,
				EC67680128C9A38300C72B58 /* ChatRoomViewModel.swift in Sources */,
				ECFAF64628C9C6D0004327E9 /* ChatType.swift in Sources */,
			);
			runOnlyForDeploymentPostprocessing = 0;
		};
		ECFAF65528C9D97A004327E9 /* Sources */ = {
			isa = PBXSourcesBuildPhase;
			buildActionMask = 2147483647;
			files = (
				ECFAF66228C9D990004327E9 /* ChatBubbleViewModelTests.swift in Sources */,
				EC7D494128CA5E9D00C33208 /* ChatRepositoryTests.swift in Sources */,
				ECFAF66828C9FC92004327E9 /* ChatRoomViewModelTests.swift in Sources */,
			);
			runOnlyForDeploymentPostprocessing = 0;
		};
/* End PBXSourcesBuildPhase section */

/* Begin PBXTargetDependency section */
		ECFAF65E28C9D97A004327E9 /* PBXTargetDependency */ = {
			isa = PBXTargetDependency;
			target = EC6767B128C99EFF00C72B58 /* MudahChat (iOS) */;
			targetProxy = ECFAF65D28C9D97A004327E9 /* PBXContainerItemProxy */;
		};
/* End PBXTargetDependency section */

/* Begin PBXVariantGroup section */
		EC67680D28C9AE0D00C72B58 /* Localizable.strings */ = {
			isa = PBXVariantGroup;
			children = (
				EC67680C28C9AE0D00C72B58 /* en */,
			);
			name = Localizable.strings;
			sourceTree = "<group>";
		};
/* End PBXVariantGroup section */

/* Begin XCBuildConfiguration section */
		EC6767DD28C99EFF00C72B58 /* Debug */ = {
			isa = XCBuildConfiguration;
			buildSettings = {
				ALWAYS_SEARCH_USER_PATHS = NO;
				CLANG_ANALYZER_NONNULL = YES;
				CLANG_ANALYZER_NUMBER_OBJECT_CONVERSION = YES_AGGRESSIVE;
				CLANG_CXX_LANGUAGE_STANDARD = "gnu++17";
				CLANG_ENABLE_MODULES = YES;
				CLANG_ENABLE_OBJC_ARC = YES;
				CLANG_ENABLE_OBJC_WEAK = YES;
				CLANG_WARN_BLOCK_CAPTURE_AUTORELEASING = YES;
				CLANG_WARN_BOOL_CONVERSION = YES;
				CLANG_WARN_COMMA = YES;
				CLANG_WARN_CONSTANT_CONVERSION = YES;
				CLANG_WARN_DEPRECATED_OBJC_IMPLEMENTATIONS = YES;
				CLANG_WARN_DIRECT_OBJC_ISA_USAGE = YES_ERROR;
				CLANG_WARN_DOCUMENTATION_COMMENTS = YES;
				CLANG_WARN_EMPTY_BODY = YES;
				CLANG_WARN_ENUM_CONVERSION = YES;
				CLANG_WARN_INFINITE_RECURSION = YES;
				CLANG_WARN_INT_CONVERSION = YES;
				CLANG_WARN_NON_LITERAL_NULL_CONVERSION = YES;
				CLANG_WARN_OBJC_IMPLICIT_RETAIN_SELF = YES;
				CLANG_WARN_OBJC_LITERAL_CONVERSION = YES;
				CLANG_WARN_OBJC_ROOT_CLASS = YES_ERROR;
				CLANG_WARN_QUOTED_INCLUDE_IN_FRAMEWORK_HEADER = YES;
				CLANG_WARN_RANGE_LOOP_ANALYSIS = YES;
				CLANG_WARN_STRICT_PROTOTYPES = YES;
				CLANG_WARN_SUSPICIOUS_MOVE = YES;
				CLANG_WARN_UNGUARDED_AVAILABILITY = YES_AGGRESSIVE;
				CLANG_WARN_UNREACHABLE_CODE = YES;
				CLANG_WARN__DUPLICATE_METHOD_MATCH = YES;
				COPY_PHASE_STRIP = NO;
				DEBUG_INFORMATION_FORMAT = dwarf;
				ENABLE_STRICT_OBJC_MSGSEND = YES;
				ENABLE_TESTABILITY = YES;
				GCC_C_LANGUAGE_STANDARD = gnu11;
				GCC_DYNAMIC_NO_PIC = NO;
				GCC_NO_COMMON_BLOCKS = YES;
				GCC_OPTIMIZATION_LEVEL = 0;
				GCC_PREPROCESSOR_DEFINITIONS = (
					"DEBUG=1",
					"$(inherited)",
				);
				GCC_WARN_64_TO_32_BIT_CONVERSION = YES;
				GCC_WARN_ABOUT_RETURN_TYPE = YES_ERROR;
				GCC_WARN_UNDECLARED_SELECTOR = YES;
				GCC_WARN_UNINITIALIZED_AUTOS = YES_AGGRESSIVE;
				GCC_WARN_UNUSED_FUNCTION = YES;
				GCC_WARN_UNUSED_VARIABLE = YES;
				MTL_ENABLE_DEBUG_INFO = INCLUDE_SOURCE;
				MTL_FAST_MATH = YES;
				ONLY_ACTIVE_ARCH = YES;
				SWIFT_ACTIVE_COMPILATION_CONDITIONS = DEBUG;
				SWIFT_OPTIMIZATION_LEVEL = "-Onone";
			};
			name = Debug;
		};
		EC6767DE28C99EFF00C72B58 /* Release */ = {
			isa = XCBuildConfiguration;
			buildSettings = {
				ALWAYS_SEARCH_USER_PATHS = NO;
				CLANG_ANALYZER_NONNULL = YES;
				CLANG_ANALYZER_NUMBER_OBJECT_CONVERSION = YES_AGGRESSIVE;
				CLANG_CXX_LANGUAGE_STANDARD = "gnu++17";
				CLANG_ENABLE_MODULES = YES;
				CLANG_ENABLE_OBJC_ARC = YES;
				CLANG_ENABLE_OBJC_WEAK = YES;
				CLANG_WARN_BLOCK_CAPTURE_AUTORELEASING = YES;
				CLANG_WARN_BOOL_CONVERSION = YES;
				CLANG_WARN_COMMA = YES;
				CLANG_WARN_CONSTANT_CONVERSION = YES;
				CLANG_WARN_DEPRECATED_OBJC_IMPLEMENTATIONS = YES;
				CLANG_WARN_DIRECT_OBJC_ISA_USAGE = YES_ERROR;
				CLANG_WARN_DOCUMENTATION_COMMENTS = YES;
				CLANG_WARN_EMPTY_BODY = YES;
				CLANG_WARN_ENUM_CONVERSION = YES;
				CLANG_WARN_INFINITE_RECURSION = YES;
				CLANG_WARN_INT_CONVERSION = YES;
				CLANG_WARN_NON_LITERAL_NULL_CONVERSION = YES;
				CLANG_WARN_OBJC_IMPLICIT_RETAIN_SELF = YES;
				CLANG_WARN_OBJC_LITERAL_CONVERSION = YES;
				CLANG_WARN_OBJC_ROOT_CLASS = YES_ERROR;
				CLANG_WARN_QUOTED_INCLUDE_IN_FRAMEWORK_HEADER = YES;
				CLANG_WARN_RANGE_LOOP_ANALYSIS = YES;
				CLANG_WARN_STRICT_PROTOTYPES = YES;
				CLANG_WARN_SUSPICIOUS_MOVE = YES;
				CLANG_WARN_UNGUARDED_AVAILABILITY = YES_AGGRESSIVE;
				CLANG_WARN_UNREACHABLE_CODE = YES;
				CLANG_WARN__DUPLICATE_METHOD_MATCH = YES;
				COPY_PHASE_STRIP = NO;
				DEBUG_INFORMATION_FORMAT = "dwarf-with-dsym";
				ENABLE_NS_ASSERTIONS = NO;
				ENABLE_STRICT_OBJC_MSGSEND = YES;
				GCC_C_LANGUAGE_STANDARD = gnu11;
				GCC_NO_COMMON_BLOCKS = YES;
				GCC_WARN_64_TO_32_BIT_CONVERSION = YES;
				GCC_WARN_ABOUT_RETURN_TYPE = YES_ERROR;
				GCC_WARN_UNDECLARED_SELECTOR = YES;
				GCC_WARN_UNINITIALIZED_AUTOS = YES_AGGRESSIVE;
				GCC_WARN_UNUSED_FUNCTION = YES;
				GCC_WARN_UNUSED_VARIABLE = YES;
				MTL_ENABLE_DEBUG_INFO = NO;
				MTL_FAST_MATH = YES;
				SWIFT_COMPILATION_MODE = wholemodule;
				SWIFT_OPTIMIZATION_LEVEL = "-O";
			};
			name = Release;
		};
		EC6767E028C99EFF00C72B58 /* Debug */ = {
			isa = XCBuildConfiguration;
			buildSettings = {
				ASSETCATALOG_COMPILER_APPICON_NAME = AppIcon;
				ASSETCATALOG_COMPILER_GLOBAL_ACCENT_COLOR_NAME = AccentColor;
				CODE_SIGN_STYLE = Automatic;
				CURRENT_PROJECT_VERSION = 1;
				DEVELOPMENT_TEAM = 6M5M727687;
				ENABLE_PREVIEWS = YES;
				GENERATE_INFOPLIST_FILE = YES;
				INFOPLIST_KEY_UIApplicationSceneManifest_Generation = YES;
				INFOPLIST_KEY_UIApplicationSupportsIndirectInputEvents = YES;
				INFOPLIST_KEY_UILaunchScreen_Generation = YES;
				INFOPLIST_KEY_UISupportedInterfaceOrientations_iPad = "UIInterfaceOrientationPortrait UIInterfaceOrientationPortraitUpsideDown UIInterfaceOrientationLandscapeLeft UIInterfaceOrientationLandscapeRight";
				INFOPLIST_KEY_UISupportedInterfaceOrientations_iPhone = "UIInterfaceOrientationPortrait UIInterfaceOrientationLandscapeLeft UIInterfaceOrientationLandscapeRight";
				IPHONEOS_DEPLOYMENT_TARGET = 15.5;
				LD_RUNPATH_SEARCH_PATHS = (
					"$(inherited)",
					"@executable_path/Frameworks",
				);
				MARKETING_VERSION = 1.0;
				PRODUCT_BUNDLE_IDENTIFIER = com.challenge.MudahChat;
				PRODUCT_NAME = MudahChat;
				SDKROOT = iphoneos;
				SWIFT_EMIT_LOC_STRINGS = YES;
				SWIFT_VERSION = 5.0;
				TARGETED_DEVICE_FAMILY = "1,2";
			};
			name = Debug;
		};
		EC6767E128C99EFF00C72B58 /* Release */ = {
			isa = XCBuildConfiguration;
			buildSettings = {
				ASSETCATALOG_COMPILER_APPICON_NAME = AppIcon;
				ASSETCATALOG_COMPILER_GLOBAL_ACCENT_COLOR_NAME = AccentColor;
				CODE_SIGN_STYLE = Automatic;
				CURRENT_PROJECT_VERSION = 1;
				DEVELOPMENT_TEAM = 6M5M727687;
				ENABLE_PREVIEWS = YES;
				GENERATE_INFOPLIST_FILE = YES;
				INFOPLIST_KEY_UIApplicationSceneManifest_Generation = YES;
				INFOPLIST_KEY_UIApplicationSupportsIndirectInputEvents = YES;
				INFOPLIST_KEY_UILaunchScreen_Generation = YES;
				INFOPLIST_KEY_UISupportedInterfaceOrientations_iPad = "UIInterfaceOrientationPortrait UIInterfaceOrientationPortraitUpsideDown UIInterfaceOrientationLandscapeLeft UIInterfaceOrientationLandscapeRight";
				INFOPLIST_KEY_UISupportedInterfaceOrientations_iPhone = "UIInterfaceOrientationPortrait UIInterfaceOrientationLandscapeLeft UIInterfaceOrientationLandscapeRight";
				IPHONEOS_DEPLOYMENT_TARGET = 15.5;
				LD_RUNPATH_SEARCH_PATHS = (
					"$(inherited)",
					"@executable_path/Frameworks",
				);
				MARKETING_VERSION = 1.0;
				PRODUCT_BUNDLE_IDENTIFIER = com.challenge.MudahChat;
				PRODUCT_NAME = MudahChat;
				SDKROOT = iphoneos;
				SWIFT_EMIT_LOC_STRINGS = YES;
				SWIFT_VERSION = 5.0;
				TARGETED_DEVICE_FAMILY = "1,2";
				VALIDATE_PRODUCT = YES;
			};
			name = Release;
		};
		EC6767E328C99EFF00C72B58 /* Debug */ = {
			isa = XCBuildConfiguration;
			buildSettings = {
				ASSETCATALOG_COMPILER_APPICON_NAME = AppIcon;
				ASSETCATALOG_COMPILER_GLOBAL_ACCENT_COLOR_NAME = AccentColor;
				CODE_SIGN_ENTITLEMENTS = macOS/macOS.entitlements;
				CODE_SIGN_STYLE = Automatic;
				COMBINE_HIDPI_IMAGES = YES;
				CURRENT_PROJECT_VERSION = 1;
				DEVELOPMENT_TEAM = 6M5M727687;
				ENABLE_HARDENED_RUNTIME = YES;
				ENABLE_PREVIEWS = YES;
				GENERATE_INFOPLIST_FILE = YES;
				INFOPLIST_KEY_NSHumanReadableCopyright = "";
				LD_RUNPATH_SEARCH_PATHS = (
					"$(inherited)",
					"@executable_path/../Frameworks",
				);
				MACOSX_DEPLOYMENT_TARGET = 12.3;
				MARKETING_VERSION = 1.0;
				PRODUCT_BUNDLE_IDENTIFIER = com.challenge.MudahChat;
				PRODUCT_NAME = MudahChat;
				SDKROOT = macosx;
				SWIFT_EMIT_LOC_STRINGS = YES;
				SWIFT_VERSION = 5.0;
			};
			name = Debug;
		};
		EC6767E428C99EFF00C72B58 /* Release */ = {
			isa = XCBuildConfiguration;
			buildSettings = {
				ASSETCATALOG_COMPILER_APPICON_NAME = AppIcon;
				ASSETCATALOG_COMPILER_GLOBAL_ACCENT_COLOR_NAME = AccentColor;
				CODE_SIGN_ENTITLEMENTS = macOS/macOS.entitlements;
				CODE_SIGN_STYLE = Automatic;
				COMBINE_HIDPI_IMAGES = YES;
				CURRENT_PROJECT_VERSION = 1;
				DEVELOPMENT_TEAM = 6M5M727687;
				ENABLE_HARDENED_RUNTIME = YES;
				ENABLE_PREVIEWS = YES;
				GENERATE_INFOPLIST_FILE = YES;
				INFOPLIST_KEY_NSHumanReadableCopyright = "";
				LD_RUNPATH_SEARCH_PATHS = (
					"$(inherited)",
					"@executable_path/../Frameworks",
				);
				MACOSX_DEPLOYMENT_TARGET = 12.3;
				MARKETING_VERSION = 1.0;
				PRODUCT_BUNDLE_IDENTIFIER = com.challenge.MudahChat;
				PRODUCT_NAME = MudahChat;
				SDKROOT = macosx;
				SWIFT_EMIT_LOC_STRINGS = YES;
				SWIFT_VERSION = 5.0;
			};
			name = Release;
		};
		ECFAF66028C9D97A004327E9 /* Debug */ = {
			isa = XCBuildConfiguration;
			buildSettings = {
				BUNDLE_LOADER = "$(TEST_HOST)";
				CODE_SIGN_STYLE = Automatic;
				CURRENT_PROJECT_VERSION = 1;
				DEVELOPMENT_TEAM = 6M5M727687;
				GENERATE_INFOPLIST_FILE = YES;
				IPHONEOS_DEPLOYMENT_TARGET = 15.5;
				MARKETING_VERSION = 1.0;
				PRODUCT_BUNDLE_IDENTIFIER = com.challenge.MudahChatTests;
				PRODUCT_NAME = "$(TARGET_NAME)";
				SDKROOT = iphoneos;
				SWIFT_EMIT_LOC_STRINGS = NO;
				SWIFT_VERSION = 5.0;
				TARGETED_DEVICE_FAMILY = "1,2";
				TEST_HOST = "$(BUILT_PRODUCTS_DIR)/MudahChat.app/MudahChat";
			};
			name = Debug;
		};
		ECFAF66128C9D97A004327E9 /* Release */ = {
			isa = XCBuildConfiguration;
			buildSettings = {
				BUNDLE_LOADER = "$(TEST_HOST)";
				CODE_SIGN_STYLE = Automatic;
				CURRENT_PROJECT_VERSION = 1;
				DEVELOPMENT_TEAM = 6M5M727687;
				GENERATE_INFOPLIST_FILE = YES;
				IPHONEOS_DEPLOYMENT_TARGET = 15.5;
				MARKETING_VERSION = 1.0;
				PRODUCT_BUNDLE_IDENTIFIER = com.challenge.MudahChatTests;
				PRODUCT_NAME = "$(TARGET_NAME)";
				SDKROOT = iphoneos;
				SWIFT_EMIT_LOC_STRINGS = NO;
				SWIFT_VERSION = 5.0;
				TARGETED_DEVICE_FAMILY = "1,2";
				TEST_HOST = "$(BUILT_PRODUCTS_DIR)/MudahChat.app/MudahChat";
				VALIDATE_PRODUCT = YES;
			};
			name = Release;
		};
/* End XCBuildConfiguration section */

/* Begin XCConfigurationList section */
		EC6767A628C99EFB00C72B58 /* Build configuration list for PBXProject "MudahChat" */ = {
			isa = XCConfigurationList;
			buildConfigurations = (
				EC6767DD28C99EFF00C72B58 /* Debug */,
				EC6767DE28C99EFF00C72B58 /* Release */,
			);
			defaultConfigurationIsVisible = 0;
			defaultConfigurationName = Release;
		};
		EC6767DF28C99EFF00C72B58 /* Build configuration list for PBXNativeTarget "MudahChat (iOS)" */ = {
			isa = XCConfigurationList;
			buildConfigurations = (
				EC6767E028C99EFF00C72B58 /* Debug */,
				EC6767E128C99EFF00C72B58 /* Release */,
			);
			defaultConfigurationIsVisible = 0;
			defaultConfigurationName = Release;
		};
		EC6767E228C99EFF00C72B58 /* Build configuration list for PBXNativeTarget "MudahChat (macOS)" */ = {
			isa = XCConfigurationList;
			buildConfigurations = (
				EC6767E328C99EFF00C72B58 /* Debug */,
				EC6767E428C99EFF00C72B58 /* Release */,
			);
			defaultConfigurationIsVisible = 0;
			defaultConfigurationName = Release;
		};
		ECFAF65F28C9D97A004327E9 /* Build configuration list for PBXNativeTarget "MudahChatTests" */ = {
			isa = XCConfigurationList;
			buildConfigurations = (
				ECFAF66028C9D97A004327E9 /* Debug */,
				ECFAF66128C9D97A004327E9 /* Release */,
			);
			defaultConfigurationIsVisible = 0;
			defaultConfigurationName = Release;
		};
/* End XCConfigurationList section */

/* Begin XCRemoteSwiftPackageReference section */
		EC7D491528CA359000C33208 /* XCRemoteSwiftPackageReference "Moya" */ = {
			isa = XCRemoteSwiftPackageReference;
			repositoryURL = "https://github.com/Moya/Moya";
			requirement = {
				kind = upToNextMajorVersion;
				minimumVersion = 15.0.0;
			};
		};
/* End XCRemoteSwiftPackageReference section */

/* Begin XCSwiftPackageProductDependency section */
		EC7D491628CA359000C33208 /* CombineMoya */ = {
			isa = XCSwiftPackageProductDependency;
			package = EC7D491528CA359000C33208 /* XCRemoteSwiftPackageReference "Moya" */;
			productName = CombineMoya;
		};
		EC7D491828CA359000C33208 /* Moya */ = {
			isa = XCSwiftPackageProductDependency;
			package = EC7D491528CA359000C33208 /* XCRemoteSwiftPackageReference "Moya" */;
			productName = Moya;
		};
		EC7D491A28CA359000C33208 /* ReactiveMoya */ = {
			isa = XCSwiftPackageProductDependency;
			package = EC7D491528CA359000C33208 /* XCRemoteSwiftPackageReference "Moya" */;
			productName = ReactiveMoya;
		};
		EC7D491C28CA359000C33208 /* RxMoya */ = {
			isa = XCSwiftPackageProductDependency;
			package = EC7D491528CA359000C33208 /* XCRemoteSwiftPackageReference "Moya" */;
			productName = RxMoya;
		};
/* End XCSwiftPackageProductDependency section */

/* Begin XCVersionGroup section */
		EC6767A828C99EFB00C72B58 /* MudahChat.xcdatamodeld */ = {
			isa = XCVersionGroup;
			children = (
				EC6767A928C99EFB00C72B58 /* Shared.xcdatamodel */,
			);
			currentVersion = EC6767A928C99EFB00C72B58 /* Shared.xcdatamodel */;
			path = MudahChat.xcdatamodeld;
			sourceTree = "<group>";
			versionGroupType = wrapper.xcdatamodel;
		};
/* End XCVersionGroup section */
	};
	rootObject = EC6767A328C99EFB00C72B58 /* Project object */;
}
